// !$*UTF8*$!
{
	archiveVersion = 1;
	classes = {
	};
	objectVersion = 77;
	objects = {

/* Begin PBXBuildFile section */
		030C7F54289BC8B48C254962 /* SpeechRecognizer.swift in Sources */ = {isa = PBXBuildFile; fileRef = 7E70FCEF93CC3DA145A82541 /* SpeechRecognizer.swift */; };
		0F417D8A71B51B51DA47250F /* SettingsView.swift in Sources */ = {isa = PBXBuildFile; fileRef = 9E9E03E2C0CAD2FD391D00B9 /* SettingsView.swift */; };
		1A487C96F32325A28B59FE4C /* Theme.swift in Sources */ = {isa = PBXBuildFile; fileRef = 8423831423582AB0BFB831AF /* Theme.swift */; };
		472EAB961E801B07FFE45C8A /* ContentView.swift in Sources */ = {isa = PBXBuildFile; fileRef = 4B1E25DB4BA138BE0C43E3CB /* ContentView.swift */; };
		4C678DE006D5F5D0D8667514 /* SettingsStore.swift in Sources */ = {isa = PBXBuildFile; fileRef = A6820C4B1007D38D72E98042 /* SettingsStore.swift */; };
		6071DD026BF8346A8040A6B7 /* AudioSession.swift in Sources */ = {isa = PBXBuildFile; fileRef = DACBE9656E1F9AFF21D0129E /* AudioSession.swift */; };
		92486D5E91E2B75FD0117737 /* HandsFreeController.swift in Sources */ = {isa = PBXBuildFile; fileRef = 389D3CD7438804B418DD948B /* HandsFreeController.swift */; };
		AEACCC466D19AB7720E885A1 /* Assets.xcassets in Resources */ = {isa = PBXBuildFile; fileRef = 9F0697D7CFD1743A27B2D0F8 /* Assets.xcassets */; };
		E657D5AAB9CE49CFBAF502B0 /* VFRCore in Frameworks */ = {isa = PBXBuildFile; productRef = 847E4BC1CE040F18CE10D7E8 /* VFRCore */; };
		F9B7B5D2DBE5050CC6EC167B /* RadioSpeaker.swift in Sources */ = {isa = PBXBuildFile; fileRef = 5B025A48443AC6C2CBA67234 /* RadioSpeaker.swift */; };
		FA17CAEF1A5634AF950CB5AF /* StatsStore.swift in Sources */ = {isa = PBXBuildFile; fileRef = FF9F0D949BB7AE692C0CED2D /* StatsStore.swift */; };
		FC9F5082C8FA0583C4788B68 /* ResumeStore.swift in Sources */ = {isa = PBXBuildFile; fileRef = 4BDD8C8416AC16FB79A3F4CA /* ResumeStore.swift */; };
		FD6FC1EE3F89F243FC768C05 /* VFRRadioPracticeApp.swift in Sources */ = {isa = PBXBuildFile; fileRef = AC602D218986132C8C717C76 /* VFRRadioPracticeApp.swift */; };
/* End PBXBuildFile section */

/* Begin PBXFileReference section */
		389D3CD7438804B418DD948B /* HandsFreeController.swift */ = {isa = PBXFileReference; lastKnownFileType = sourcecode.swift; path = HandsFreeController.swift; sourceTree = "<group>"; };
		4B1E25DB4BA138BE0C43E3CB /* ContentView.swift */ = {isa = PBXFileReference; lastKnownFileType = sourcecode.swift; path = ContentView.swift; sourceTree = "<group>"; };
		4BDD8C8416AC16FB79A3F4CA /* ResumeStore.swift */ = {isa = PBXFileReference; lastKnownFileType = sourcecode.swift; path = ResumeStore.swift; sourceTree = "<group>"; };
		558AE1879B5255BE997DEF5A /* VFRCore */ = {isa = PBXFileReference; lastKnownFileType = folder; name = VFRCore; path = Packages/VFRCore; sourceTree = SOURCE_ROOT; };
		5B025A48443AC6C2CBA67234 /* RadioSpeaker.swift */ = {isa = PBXFileReference; lastKnownFileType = sourcecode.swift; path = RadioSpeaker.swift; sourceTree = "<group>"; };
		5BF8177CEF6F4923C093EDB7 /* VFRRadioPractice.app */ = {isa = PBXFileReference; includeInIndex = 0; lastKnownFileType = wrapper.application; path = VFRRadioPractice.app; sourceTree = BUILT_PRODUCTS_DIR; };
		7E70FCEF93CC3DA145A82541 /* SpeechRecognizer.swift */ = {isa = PBXFileReference; lastKnownFileType = sourcecode.swift; path = SpeechRecognizer.swift; sourceTree = "<group>"; };
		8423831423582AB0BFB831AF /* Theme.swift */ = {isa = PBXFileReference; lastKnownFileType = sourcecode.swift; path = Theme.swift; sourceTree = "<group>"; };
		9E9E03E2C0CAD2FD391D00B9 /* SettingsView.swift */ = {isa = PBXFileReference; lastKnownFileType = sourcecode.swift; path = SettingsView.swift; sourceTree = "<group>"; };
		9F0697D7CFD1743A27B2D0F8 /* Assets.xcassets */ = {isa = PBXFileReference; lastKnownFileType = folder.assetcatalog; path = Assets.xcassets; sourceTree = "<group>"; };
		A6820C4B1007D38D72E98042 /* SettingsStore.swift */ = {isa = PBXFileReference; lastKnownFileType = sourcecode.swift; path = SettingsStore.swift; sourceTree = "<group>"; };
		AC602D218986132C8C717C76 /* VFRRadioPracticeApp.swift */ = {isa = PBXFileReference; lastKnownFileType = sourcecode.swift; path = VFRRadioPracticeApp.swift; sourceTree = "<group>"; };
		DACBE9656E1F9AFF21D0129E /* AudioSession.swift */ = {isa = PBXFileReference; lastKnownFileType = sourcecode.swift; path = AudioSession.swift; sourceTree = "<group>"; };
		FE82685BF6B5939411F12198 /* Info.generated.plist */ = {isa = PBXFileReference; lastKnownFileType = text.plist; path = Info.generated.plist; sourceTree = "<group>"; };
		FF9F0D949BB7AE692C0CED2D /* StatsStore.swift */ = {isa = PBXFileReference; lastKnownFileType = sourcecode.swift; path = StatsStore.swift; sourceTree = "<group>"; };
/* End PBXFileReference section */

/* Begin PBXFrameworksBuildPhase section */
		679222D4CF349A696D5842DD /* Frameworks */ = {
			isa = PBXFrameworksBuildPhase;
			buildActionMask = 2147483647;
			files = (
				E657D5AAB9CE49CFBAF502B0 /* VFRCore in Frameworks */,
			);
			runOnlyForDeploymentPostprocessing = 0;
		};
/* End PBXFrameworksBuildPhase section */

/* Begin PBXGroup section */
		64B71AFFA7EF9ADFA9B3765A = {
			isa = PBXGroup;
			children = (
				CE21B9545EF5D71B5AF62D0B /* App */,
				E87E167887C70B4939640B29 /* Packages */,
				DA0AE05401EFE078391C6395 /* Products */,
			);
			sourceTree = "<group>";
		};
		CE21B9545EF5D71B5AF62D0B /* App */ = {
			isa = PBXGroup;
			children = (
				9F0697D7CFD1743A27B2D0F8 /* Assets.xcassets */,
				DACBE9656E1F9AFF21D0129E /* AudioSession.swift */,
				4B1E25DB4BA138BE0C43E3CB /* ContentView.swift */,
				389D3CD7438804B418DD948B /* HandsFreeController.swift */,
				FE82685BF6B5939411F12198 /* Info.generated.plist */,
				5B025A48443AC6C2CBA67234 /* RadioSpeaker.swift */,
				4BDD8C8416AC16FB79A3F4CA /* ResumeStore.swift */,
				A6820C4B1007D38D72E98042 /* SettingsStore.swift */,
				9E9E03E2C0CAD2FD391D00B9 /* SettingsView.swift */,
				7E70FCEF93CC3DA145A82541 /* SpeechRecognizer.swift */,
				FF9F0D949BB7AE692C0CED2D /* StatsStore.swift */,
				8423831423582AB0BFB831AF /* Theme.swift */,
				AC602D218986132C8C717C76 /* VFRRadioPracticeApp.swift */,
			);
			path = App;
			sourceTree = "<group>";
		};
		DA0AE05401EFE078391C6395 /* Products */ = {
			isa = PBXGroup;
			children = (
				5BF8177CEF6F4923C093EDB7 /* VFRRadioPractice.app */,
			);
			name = Products;
			sourceTree = "<group>";
		};
		E87E167887C70B4939640B29 /* Packages */ = {
			isa = PBXGroup;
			children = (
				558AE1879B5255BE997DEF5A /* VFRCore */,
			);
			path = Packages;
			sourceTree = "<group>";
		};
/* End PBXGroup section */

/* Begin PBXNativeTarget section */
		E06815783EF766B4E4FDD97A /* VFRRadioPractice */ = {
			isa = PBXNativeTarget;
			buildConfigurationList = 5CCD07176F2DF331D9D24C6E /* Build configuration list for PBXNativeTarget "VFRRadioPractice" */;
			buildPhases = (
				B9F1F53F11294E0806B97A4D /* Sources */,
				ED64D725AC4B3885172262A4 /* Resources */,
				679222D4CF349A696D5842DD /* Frameworks */,
			);
			buildRules = (
			);
			dependencies = (
			);
			name = VFRRadioPractice;
			packageProductDependencies = (
				847E4BC1CE040F18CE10D7E8 /* VFRCore */,
			);
			productName = VFRRadioPractice;
			productReference = 5BF8177CEF6F4923C093EDB7 /* VFRRadioPractice.app */;
			productType = "com.apple.product-type.application";
		};
/* End PBXNativeTarget section */

/* Begin PBXProject section */
		8461363D89BE6F012016B79A /* Project object */ = {
			isa = PBXProject;
			attributes = {
				BuildIndependentTargetsInParallel = YES;
				LastUpgradeCheck = 1430;
				TargetAttributes = {
					E06815783EF766B4E4FDD97A = {
						DevelopmentTeam = 854K32YB8L;
						ProvisioningStyle = Automatic;
					};
				};
			};
			buildConfigurationList = 0D252468F17B3899DEABD76C /* Build configuration list for PBXProject "VFRRadioPractice" */;
			developmentRegion = en;
			hasScannedForEncodings = 0;
			knownRegions = (
				Base,
				en,
			);
			mainGroup = 64B71AFFA7EF9ADFA9B3765A;
			minimizedProjectReferenceProxies = 1;
			packageReferences = (
				70D3DF790472A0E604455415 /* XCLocalSwiftPackageReference "Packages/VFRCore" */,
			);
			preferredProjectObjectVersion = 77;
			productRefGroup = DA0AE05401EFE078391C6395 /* Products */;
			projectDirPath = "";
			projectRoot = "";
			targets = (
				E06815783EF766B4E4FDD97A /* VFRRadioPractice */,
			);
		};
/* End PBXProject section */

/* Begin PBXResourcesBuildPhase section */
		ED64D725AC4B3885172262A4 /* Resources */ = {
			isa = PBXResourcesBuildPhase;
			buildActionMask = 2147483647;
			files = (
				AEACCC466D19AB7720E885A1 /* Assets.xcassets in Resources */,
			);
			runOnlyForDeploymentPostprocessing = 0;
		};
/* End PBXResourcesBuildPhase section */

/* Begin PBXSourcesBuildPhase section */
		B9F1F53F11294E0806B97A4D /* Sources */ = {
			isa = PBXSourcesBuildPhase;
			buildActionMask = 2147483647;
			files = (
				6071DD026BF8346A8040A6B7 /* AudioSession.swift in Sources */,
				472EAB961E801B07FFE45C8A /* ContentView.swift in Sources */,
				92486D5E91E2B75FD0117737 /* HandsFreeController.swift in Sources */,
				F9B7B5D2DBE5050CC6EC167B /* RadioSpeaker.swift in Sources */,
				FC9F5082C8FA0583C4788B68 /* ResumeStore.swift in Sources */,
				4C678DE006D5F5D0D8667514 /* SettingsStore.swift in Sources */,
				0F417D8A71B51B51DA47250F /* SettingsView.swift in Sources */,
				030C7F54289BC8B48C254962 /* SpeechRecognizer.swift in Sources */,
				FA17CAEF1A5634AF950CB5AF /* StatsStore.swift in Sources */,
				1A487C96F32325A28B59FE4C /* Theme.swift in Sources */,
				FD6FC1EE3F89F243FC768C05 /* VFRRadioPracticeApp.swift in Sources */,
			);
			runOnlyForDeploymentPostprocessing = 0;
		};
/* End PBXSourcesBuildPhase section */

/* Begin XCBuildConfiguration section */
		0ACF75A805827E3D4B3AA24C /* Release */ = {
			isa = XCBuildConfiguration;
			buildSettings = {
				ASSETCATALOG_COMPILER_APPICON_NAME = AppIcon;
				CODE_SIGN_IDENTITY = "iPhone Developer";
				CODE_SIGN_STYLE = Automatic;
				CURRENT_PROJECT_VERSION = 1;
				DEVELOPMENT_TEAM = 854K32YB8L;
				GENERATE_INFOPLIST_FILE = NO;
				INFOPLIST_FILE = App/Info.generated.plist;
				IPHONEOS_DEPLOYMENT_TARGET = 17.0;
				LD_RUNPATH_SEARCH_PATHS = (
					"$(inherited)",
					"@executable_path/Frameworks",
				);
				MARKETING_VERSION = 0.1.0;
				PRODUCT_BUNDLE_IDENTIFIER = com.zikakis.vfrradio;
				SDKROOT = iphoneos;
				SWIFT_VERSION = 6.0;
				TARGETED_DEVICE_FAMILY = "1,2";
			};
			name = Release;
		};
		1373D043661CE1C8201433FE /* Debug */ = {
			isa = XCBuildConfiguration;
			buildSettings = {
				ALWAYS_SEARCH_USER_PATHS = NO;
				CLANG_ANALYZER_NONNULL = YES;
				CLANG_ANALYZER_NUMBER_OBJECT_CONVERSION = YES_AGGRESSIVE;
				CLANG_CXX_LANGUAGE_STANDARD = "gnu++14";
				CLANG_CXX_LIBRARY = "libc++";
				CLANG_ENABLE_MODULES = YES;
				CLANG_ENABLE_OBJC_ARC = YES;
				CLANG_ENABLE_OBJC_WEAK = YES;
				CLANG_WARN_BLOCK_CAPTURE_AUTORELEASING = YES;
				CLANG_WARN_BOOL_CONVERSION = YES;
				CLANG_WARN_COMMA = YES;
				CLANG_WARN_CONSTANT_CONVERSION = YES;
				CLANG_WARN_DEPRECATED_OBJC_IMPLEMENTATIONS = YES;
				CLANG_WARN_DIRECT_OBJC_ISA_USAGE = YES_ERROR;
				CLANG_WARN_DOCUMENTATION_COMMENTS = YES;
				CLANG_WARN_EMPTY_BODY = YES;
				CLANG_WARN_ENUM_CONVERSION = YES;
				CLANG_WARN_INFINITE_RECURSION = YES;
				CLANG_WARN_INT_CONVERSION = YES;
				CLANG_WARN_NON_LITERAL_NULL_CONVERSION = YES;
				CLANG_WARN_OBJC_IMPLICIT_RETAIN_SELF = YES;
				CLANG_WARN_OBJC_LITERAL_CONVERSION = YES;
				CLANG_WARN_OBJC_ROOT_CLASS = YES_ERROR;
				CLANG_WARN_QUOTED_INCLUDE_IN_FRAMEWORK_HEADER = YES;
				CLANG_WARN_RANGE_LOOP_ANALYSIS = YES;
				CLANG_WARN_STRICT_PROTOTYPES = YES;
				CLANG_WARN_SUSPICIOUS_MOVE = YES;
				CLANG_WARN_UNGUARDED_AVAILABILITY = YES_AGGRESSIVE;
				CLANG_WARN_UNREACHABLE_CODE = YES;
				CLANG_WARN__DUPLICATE_METHOD_MATCH = YES;
				COPY_PHASE_STRIP = NO;
				DEBUG_INFORMATION_FORMAT = dwarf;
				ENABLE_STRICT_OBJC_MSGSEND = YES;
				ENABLE_TESTABILITY = YES;
				GCC_C_LANGUAGE_STANDARD = gnu11;
				GCC_DYNAMIC_NO_PIC = NO;
				GCC_NO_COMMON_BLOCKS = YES;
				GCC_OPTIMIZATION_LEVEL = 0;
				GCC_PREPROCESSOR_DEFINITIONS = (
					"$(inherited)",
					"DEBUG=1",
				);
				GCC_WARN_64_TO_32_BIT_CONVERSION = YES;
				GCC_WARN_ABOUT_RETURN_TYPE = YES_ERROR;
				GCC_WARN_UNDECLARED_SELECTOR = YES;
				GCC_WARN_UNINITIALIZED_AUTOS = YES_AGGRESSIVE;
				GCC_WARN_UNUSED_FUNCTION = YES;
				GCC_WARN_UNUSED_VARIABLE = YES;
				IPHONEOS_DEPLOYMENT_TARGET = 17.0;
				MTL_ENABLE_DEBUG_INFO = INCLUDE_SOURCE;
				MTL_FAST_MATH = YES;
				ONLY_ACTIVE_ARCH = YES;
				PRODUCT_NAME = "$(TARGET_NAME)";
				SDKROOT = iphoneos;
				SWIFT_ACTIVE_COMPILATION_CONDITIONS = DEBUG;
				SWIFT_OPTIMIZATION_LEVEL = "-Onone";
				SWIFT_VERSION = 5.0;
			};
			name = Debug;
		};
		51D2DFDD6CDCC745B3C30084 /* Release */ = {
			isa = XCBuildConfiguration;
			buildSettings = {
				ALWAYS_SEARCH_USER_PATHS = NO;
				CLANG_ANALYZER_NONNULL = YES;
				CLANG_ANALYZER_NUMBER_OBJECT_CONVERSION = YES_AGGRESSIVE;
				CLANG_CXX_LANGUAGE_STANDARD = "gnu++14";
				CLANG_CXX_LIBRARY = "libc++";
				CLANG_ENABLE_MODULES = YES;
				CLANG_ENABLE_OBJC_ARC = YES;
				CLANG_ENABLE_OBJC_WEAK = YES;
				CLANG_WARN_BLOCK_CAPTURE_AUTORELEASING = YES;
				CLANG_WARN_BOOL_CONVERSION = YES;
				CLANG_WARN_COMMA = YES;
				CLANG_WARN_CONSTANT_CONVERSION = YES;
				CLANG_WARN_DEPRECATED_OBJC_IMPLEMENTATIONS = YES;
				CLANG_WARN_DIRECT_OBJC_ISA_USAGE = YES_ERROR;
				CLANG_WARN_DOCUMENTATION_COMMENTS = YES;
				CLANG_WARN_EMPTY_BODY = YES;
				CLANG_WARN_ENUM_CONVERSION = YES;
				CLANG_WARN_INFINITE_RECURSION = YES;
				CLANG_WARN_INT_CONVERSION = YES;
				CLANG_WARN_NON_LITERAL_NULL_CONVERSION = YES;
				CLANG_WARN_OBJC_IMPLICIT_RETAIN_SELF = YES;
				CLANG_WARN_OBJC_LITERAL_CONVERSION = YES;
				CLANG_WARN_OBJC_ROOT_CLASS = YES_ERROR;
				CLANG_WARN_QUOTED_INCLUDE_IN_FRAMEWORK_HEADER = YES;
				CLANG_WARN_RANGE_LOOP_ANALYSIS = YES;
				CLANG_WARN_STRICT_PROTOTYPES = YES;
				CLANG_WARN_SUSPICIOUS_MOVE = YES;
				CLANG_WARN_UNGUARDED_AVAILABILITY = YES_AGGRESSIVE;
				CLANG_WARN_UNREACHABLE_CODE = YES;
				CLANG_WARN__DUPLICATE_METHOD_MATCH = YES;
				COPY_PHASE_STRIP = NO;
				DEBUG_INFORMATION_FORMAT = "dwarf-with-dsym";
				ENABLE_NS_ASSERTIONS = NO;
				ENABLE_STRICT_OBJC_MSGSEND = YES;
				GCC_C_LANGUAGE_STANDARD = gnu11;
				GCC_NO_COMMON_BLOCKS = YES;
				GCC_WARN_64_TO_32_BIT_CONVERSION = YES;
				GCC_WARN_ABOUT_RETURN_TYPE = YES_ERROR;
				GCC_WARN_UNDECLARED_SELECTOR = YES;
				GCC_WARN_UNINITIALIZED_AUTOS = YES_AGGRESSIVE;
				GCC_WARN_UNUSED_FUNCTION = YES;
				GCC_WARN_UNUSED_VARIABLE = YES;
				IPHONEOS_DEPLOYMENT_TARGET = 17.0;
				MTL_ENABLE_DEBUG_INFO = NO;
				MTL_FAST_MATH = YES;
				PRODUCT_NAME = "$(TARGET_NAME)";
				SDKROOT = iphoneos;
				SWIFT_COMPILATION_MODE = wholemodule;
				SWIFT_OPTIMIZATION_LEVEL = "-O";
				SWIFT_VERSION = 5.0;
			};
			name = Release;
		};
		96459EAFAFA971D3F1F0D25D /* Debug */ = {
			isa = XCBuildConfiguration;
			buildSettings = {
				ASSETCATALOG_COMPILER_APPICON_NAME = AppIcon;
				CODE_SIGN_IDENTITY = "iPhone Developer";
				CODE_SIGN_STYLE = Automatic;
				CURRENT_PROJECT_VERSION = 1;
				DEVELOPMENT_TEAM = 854K32YB8L;
				GENERATE_INFOPLIST_FILE = NO;
				INFOPLIST_FILE = App/Info.generated.plist;
				IPHONEOS_DEPLOYMENT_TARGET = 17.0;
				LD_RUNPATH_SEARCH_PATHS = (
					"$(inherited)",
					"@executable_path/Frameworks",
				);
				MARKETING_VERSION = 0.1.0;
				PRODUCT_BUNDLE_IDENTIFIER = com.zikakis.vfrradio;
				SDKROOT = iphoneos;
				SWIFT_VERSION = 6.0;
				TARGETED_DEVICE_FAMILY = "1,2";
			};
			name = Debug;
		};
/* End XCBuildConfiguration section */

/* Begin XCConfigurationList section */
		0D252468F17B3899DEABD76C /* Build configuration list for PBXProject "VFRRadioPractice" */ = {
			isa = XCConfigurationList;
			buildConfigurations = (
				1373D043661CE1C8201433FE /* Debug */,
				51D2DFDD6CDCC745B3C30084 /* Release */,
			);
			defaultConfigurationIsVisible = 0;
			defaultConfigurationName = Debug;
		};
		5CCD07176F2DF331D9D24C6E /* Build configuration list for PBXNativeTarget "VFRRadioPractice" */ = {
			isa = XCConfigurationList;
			buildConfigurations = (
				96459EAFAFA971D3F1F0D25D /* Debug */,
				0ACF75A805827E3D4B3AA24C /* Release */,
			);
			defaultConfigurationIsVisible = 0;
			defaultConfigurationName = Debug;
		};
/* End XCConfigurationList section */

/* Begin XCLocalSwiftPackageReference section */
		70D3DF790472A0E604455415 /* XCLocalSwiftPackageReference "Packages/VFRCore" */ = {
			isa = XCLocalSwiftPackageReference;
			relativePath = Packages/VFRCore;
		};
/* End XCLocalSwiftPackageReference section */

/* Begin XCSwiftPackageProductDependency section */
		847E4BC1CE040F18CE10D7E8 /* VFRCore */ = {
			isa = XCSwiftPackageProductDependency;
			productName = VFRCore;
		};
/* End XCSwiftPackageProductDependency section */
	};
	rootObject = 8461363D89BE6F012016B79A /* Project object */;
}
